// !$*UTF8*$!
{
	archiveVersion = 1;
	classes = {
	};
	objectVersion = 48;
	objects = {

/* Begin PBXBuildFile section */
		4A642F83A310FCB9DB610660 /* Pods_CST495_Assignment_1Tests.framework in Frameworks */ = {isa = PBXBuildFile; fileRef = 30962BC22203238948BC54E7 /* Pods_CST495_Assignment_1Tests.framework */; };
		7E3AD77720240D0A00FCC502 /* AppDelegate.swift in Sources */ = {isa = PBXBuildFile; fileRef = 7E3AD77620240D0A00FCC502 /* AppDelegate.swift */; };
		7E3AD77920240D0A00FCC502 /* ViewController.swift in Sources */ = {isa = PBXBuildFile; fileRef = 7E3AD77820240D0A00FCC502 /* ViewController.swift */; };
		7E3AD77C20240D0A00FCC502 /* Main.storyboard in Resources */ = {isa = PBXBuildFile; fileRef = 7E3AD77A20240D0A00FCC502 /* Main.storyboard */; };
		7E3AD77E20240D0A00FCC502 /* Assets.xcassets in Resources */ = {isa = PBXBuildFile; fileRef = 7E3AD77D20240D0A00FCC502 /* Assets.xcassets */; };
		7E3AD78120240D0A00FCC502 /* LaunchScreen.storyboard in Resources */ = {isa = PBXBuildFile; fileRef = 7E3AD77F20240D0A00FCC502 /* LaunchScreen.storyboard */; };
		7E3AD78C20240D0A00FCC502 /* CST495_Assignment_1Tests.swift in Sources */ = {isa = PBXBuildFile; fileRef = 7E3AD78B20240D0A00FCC502 /* CST495_Assignment_1Tests.swift */; };
		7E3AD79720240D0A00FCC502 /* CST495_Assignment_1UITests.swift in Sources */ = {isa = PBXBuildFile; fileRef = 7E3AD79620240D0A00FCC502 /* CST495_Assignment_1UITests.swift */; };
		86C1C832975DD22979A34010 /* Pods_CST495_Assignment_1.framework in Frameworks */ = {isa = PBXBuildFile; fileRef = 1FC8CD92DCCCAA0F040B81C0 /* Pods_CST495_Assignment_1.framework */; };
		9E8824141480464547F26E58 /* Pods_CST495_Assignment_1UITests.framework in Frameworks */ = {isa = PBXBuildFile; fileRef = A2BF3CEB9B2166C51D034BAF /* Pods_CST495_Assignment_1UITests.framework */; };
/* End PBXBuildFile section */

/* Begin PBXContainerItemProxy section */
		7E3AD78820240D0A00FCC502 /* PBXContainerItemProxy */ = {
			isa = PBXContainerItemProxy;
			containerPortal = 7E3AD76B20240D0A00FCC502 /* Project object */;
			proxyType = 1;
			remoteGlobalIDString = 7E3AD77220240D0A00FCC502;
			remoteInfo = "CST495-Assignment-1";
		};
		7E3AD79320240D0A00FCC502 /* PBXContainerItemProxy */ = {
			isa = PBXContainerItemProxy;
			containerPortal = 7E3AD76B20240D0A00FCC502 /* Project object */;
			proxyType = 1;
			remoteGlobalIDString = 7E3AD77220240D0A00FCC502;
			remoteInfo = "CST495-Assignment-1";
		};
/* End PBXContainerItemProxy section */

/* Begin PBXFileReference section */
		1272ED5AA145A856C926112A /* Pods-CST495-Assignment-1UITests.debug.xcconfig */ = {isa = PBXFileReference; includeInIndex = 1; lastKnownFileType = text.xcconfig; name = "Pods-CST495-Assignment-1UITests.debug.xcconfig"; path = "Pods/Target Support Files/Pods-CST495-Assignment-1UITests/Pods-CST495-Assignment-1UITests.debug.xcconfig"; sourceTree = "<group>"; };
		1FAAFA1C825F0655F016758C /* Pods-CST495-Assignment-1.release.xcconfig */ = {isa = PBXFileReference; includeInIndex = 1; lastKnownFileType = text.xcconfig; name = "Pods-CST495-Assignment-1.release.xcconfig"; path = "Pods/Target Support Files/Pods-CST495-Assignment-1/Pods-CST495-Assignment-1.release.xcconfig"; sourceTree = "<group>"; };
		1FC8CD92DCCCAA0F040B81C0 /* Pods_CST495_Assignment_1.framework */ = {isa = PBXFileReference; explicitFileType = wrapper.framework; includeInIndex = 0; path = Pods_CST495_Assignment_1.framework; sourceTree = BUILT_PRODUCTS_DIR; };
		23E583E84330397D8D70177C /* Pods-CST495-Assignment-1Tests.release.xcconfig */ = {isa = PBXFileReference; includeInIndex = 1; lastKnownFileType = text.xcconfig; name = "Pods-CST495-Assignment-1Tests.release.xcconfig"; path = "Pods/Target Support Files/Pods-CST495-Assignment-1Tests/Pods-CST495-Assignment-1Tests.release.xcconfig"; sourceTree = "<group>"; };
		30962BC22203238948BC54E7 /* Pods_CST495_Assignment_1Tests.framework */ = {isa = PBXFileReference; explicitFileType = wrapper.framework; includeInIndex = 0; path = Pods_CST495_Assignment_1Tests.framework; sourceTree = BUILT_PRODUCTS_DIR; };
		5A7B38D4AE5320E20FCF76F1 /* Pods-CST495-Assignment-1UITests.release.xcconfig */ = {isa = PBXFileReference; includeInIndex = 1; lastKnownFileType = text.xcconfig; name = "Pods-CST495-Assignment-1UITests.release.xcconfig"; path = "Pods/Target Support Files/Pods-CST495-Assignment-1UITests/Pods-CST495-Assignment-1UITests.release.xcconfig"; sourceTree = "<group>"; };
		635946C721801CA2C7F2E624 /* Pods-CST495-Assignment-1Tests.debug.xcconfig */ = {isa = PBXFileReference; includeInIndex = 1; lastKnownFileType = text.xcconfig; name = "Pods-CST495-Assignment-1Tests.debug.xcconfig"; path = "Pods/Target Support Files/Pods-CST495-Assignment-1Tests/Pods-CST495-Assignment-1Tests.debug.xcconfig"; sourceTree = "<group>"; };
		7E3AD77320240D0A00FCC502 /* CST495-Assignment-1.app */ = {isa = PBXFileReference; explicitFileType = wrapper.application; includeInIndex = 0; path = "CST495-Assignment-1.app"; sourceTree = BUILT_PRODUCTS_DIR; };
		7E3AD77620240D0A00FCC502 /* AppDelegate.swift */ = {isa = PBXFileReference; lastKnownFileType = sourcecode.swift; path = AppDelegate.swift; sourceTree = "<group>"; };
		7E3AD77820240D0A00FCC502 /* ViewController.swift */ = {isa = PBXFileReference; lastKnownFileType = sourcecode.swift; path = ViewController.swift; sourceTree = "<group>"; };
		7E3AD77B20240D0A00FCC502 /* Base */ = {isa = PBXFileReference; lastKnownFileType = file.storyboard; name = Base; path = Base.lproj/Main.storyboard; sourceTree = "<group>"; };
		7E3AD77D20240D0A00FCC502 /* Assets.xcassets */ = {isa = PBXFileReference; lastKnownFileType = folder.assetcatalog; path = Assets.xcassets; sourceTree = "<group>"; };
		7E3AD78020240D0A00FCC502 /* Base */ = {isa = PBXFileReference; lastKnownFileType = file.storyboard; name = Base; path = Base.lproj/LaunchScreen.storyboard; sourceTree = "<group>"; };
		7E3AD78220240D0A00FCC502 /* Info.plist */ = {isa = PBXFileReference; lastKnownFileType = text.plist.xml; path = Info.plist; sourceTree = "<group>"; };
		7E3AD78720240D0A00FCC502 /* CST495-Assignment-1Tests.xctest */ = {isa = PBXFileReference; explicitFileType = wrapper.cfbundle; includeInIndex = 0; path = "CST495-Assignment-1Tests.xctest"; sourceTree = BUILT_PRODUCTS_DIR; };
		7E3AD78B20240D0A00FCC502 /* CST495_Assignment_1Tests.swift */ = {isa = PBXFileReference; lastKnownFileType = sourcecode.swift; path = CST495_Assignment_1Tests.swift; sourceTree = "<group>"; };
		7E3AD78D20240D0A00FCC502 /* Info.plist */ = {isa = PBXFileReference; lastKnownFileType = text.plist.xml; path = Info.plist; sourceTree = "<group>"; };
		7E3AD79220240D0A00FCC502 /* CST495-Assignment-1UITests.xctest */ = {isa = PBXFileReference; explicitFileType = wrapper.cfbundle; includeInIndex = 0; path = "CST495-Assignment-1UITests.xctest"; sourceTree = BUILT_PRODUCTS_DIR; };
		7E3AD79620240D0A00FCC502 /* CST495_Assignment_1UITests.swift */ = {isa = PBXFileReference; lastKnownFileType = sourcecode.swift; path = CST495_Assignment_1UITests.swift; sourceTree = "<group>"; };
		7E3AD79820240D0A00FCC502 /* Info.plist */ = {isa = PBXFileReference; lastKnownFileType = text.plist.xml; path = Info.plist; sourceTree = "<group>"; };
		A2BF3CEB9B2166C51D034BAF /* Pods_CST495_Assignment_1UITests.framework */ = {isa = PBXFileReference; explicitFileType = wrapper.framework; includeInIndex = 0; path = Pods_CST495_Assignment_1UITests.framework; sourceTree = BUILT_PRODUCTS_DIR; };
		DD448BAADA6B4123B5FD397D /* Pods-CST495-Assignment-1.debug.xcconfig */ = {isa = PBXFileReference; includeInIndex = 1; lastKnownFileType = text.xcconfig; name = "Pods-CST495-Assignment-1.debug.xcconfig"; path = "Pods/Target Support Files/Pods-CST495-Assignment-1/Pods-CST495-Assignment-1.debug.xcconfig"; sourceTree = "<group>"; };
/* End PBXFileReference section */

/* Begin PBXFrameworksBuildPhase section */
		7E3AD77020240D0A00FCC502 /* Frameworks */ = {
			isa = PBXFrameworksBuildPhase;
			buildActionMask = 2147483647;
			files = (
				86C1C832975DD22979A34010 /* Pods_CST495_Assignment_1.framework in Frameworks */,
			);
			runOnlyForDeploymentPostprocessing = 0;
		};
		7E3AD78420240D0A00FCC502 /* Frameworks */ = {
			isa = PBXFrameworksBuildPhase;
			buildActionMask = 2147483647;
			files = (
				4A642F83A310FCB9DB610660 /* Pods_CST495_Assignment_1Tests.framework in Frameworks */,
			);
			runOnlyForDeploymentPostprocessing = 0;
		};
		7E3AD78F20240D0A00FCC502 /* Frameworks */ = {
			isa = PBXFrameworksBuildPhase;
			buildActionMask = 2147483647;
			files = (
				9E8824141480464547F26E58 /* Pods_CST495_Assignment_1UITests.framework in Frameworks */,
			);
			runOnlyForDeploymentPostprocessing = 0;
		};
/* End PBXFrameworksBuildPhase section */

/* Begin PBXGroup section */
		7E3AD76A20240D0A00FCC502 = {
			isa = PBXGroup;
			children = (
				7E3AD77520240D0A00FCC502 /* CST495-Assignment-1 */,
				7E3AD78A20240D0A00FCC502 /* CST495-Assignment-1Tests */,
				7E3AD79520240D0A00FCC502 /* CST495-Assignment-1UITests */,
				7E3AD77420240D0A00FCC502 /* Products */,
				C9FD97F75078A99FB7B8041E /* Pods */,
				C531C8956841C1D1118620B2 /* Frameworks */,
			);
			sourceTree = "<group>";
		};
		7E3AD77420240D0A00FCC502 /* Products */ = {
			isa = PBXGroup;
			children = (
				7E3AD77320240D0A00FCC502 /* CST495-Assignment-1.app */,
				7E3AD78720240D0A00FCC502 /* CST495-Assignment-1Tests.xctest */,
				7E3AD79220240D0A00FCC502 /* CST495-Assignment-1UITests.xctest */,
			);
			name = Products;
			sourceTree = "<group>";
		};
		7E3AD77520240D0A00FCC502 /* CST495-Assignment-1 */ = {
			isa = PBXGroup;
			children = (
				7E3AD77620240D0A00FCC502 /* AppDelegate.swift */,
				7E3AD77820240D0A00FCC502 /* ViewController.swift */,
				7E3AD77A20240D0A00FCC502 /* Main.storyboard */,
				7E3AD77D20240D0A00FCC502 /* Assets.xcassets */,
				7E3AD77F20240D0A00FCC502 /* LaunchScreen.storyboard */,
				7E3AD78220240D0A00FCC502 /* Info.plist */,
			);
			path = "CST495-Assignment-1";
			sourceTree = "<group>";
		};
		7E3AD78A20240D0A00FCC502 /* CST495-Assignment-1Tests */ = {
			isa = PBXGroup;
			children = (
				7E3AD78B20240D0A00FCC502 /* CST495_Assignment_1Tests.swift */,
				7E3AD78D20240D0A00FCC502 /* Info.plist */,
			);
			path = "CST495-Assignment-1Tests";
			sourceTree = "<group>";
		};
		7E3AD79520240D0A00FCC502 /* CST495-Assignment-1UITests */ = {
			isa = PBXGroup;
			children = (
				7E3AD79620240D0A00FCC502 /* CST495_Assignment_1UITests.swift */,
				7E3AD79820240D0A00FCC502 /* Info.plist */,
			);
			path = "CST495-Assignment-1UITests";
			sourceTree = "<group>";
		};
		C531C8956841C1D1118620B2 /* Frameworks */ = {
			isa = PBXGroup;
			children = (
				1FC8CD92DCCCAA0F040B81C0 /* Pods_CST495_Assignment_1.framework */,
				30962BC22203238948BC54E7 /* Pods_CST495_Assignment_1Tests.framework */,
				A2BF3CEB9B2166C51D034BAF /* Pods_CST495_Assignment_1UITests.framework */,
			);
			name = Frameworks;
			sourceTree = "<group>";
		};
		C9FD97F75078A99FB7B8041E /* Pods */ = {
			isa = PBXGroup;
			children = (
				DD448BAADA6B4123B5FD397D /* Pods-CST495-Assignment-1.debug.xcconfig */,
				1FAAFA1C825F0655F016758C /* Pods-CST495-Assignment-1.release.xcconfig */,
				635946C721801CA2C7F2E624 /* Pods-CST495-Assignment-1Tests.debug.xcconfig */,
				23E583E84330397D8D70177C /* Pods-CST495-Assignment-1Tests.release.xcconfig */,
				1272ED5AA145A856C926112A /* Pods-CST495-Assignment-1UITests.debug.xcconfig */,
				5A7B38D4AE5320E20FCF76F1 /* Pods-CST495-Assignment-1UITests.release.xcconfig */,
			);
			name = Pods;
			sourceTree = "<group>";
		};
/* End PBXGroup section */

/* Begin PBXNativeTarget section */
		7E3AD77220240D0A00FCC502 /* CST495-Assignment-1 */ = {
			isa = PBXNativeTarget;
			buildConfigurationList = 7E3AD79B20240D0A00FCC502 /* Build configuration list for PBXNativeTarget "CST495-Assignment-1" */;
			buildPhases = (
				3033A9BD76CE2D446378A447 /* [CP] Check Pods Manifest.lock */,
				7E3AD76F20240D0A00FCC502 /* Sources */,
				7E3AD77020240D0A00FCC502 /* Frameworks */,
				7E3AD77120240D0A00FCC502 /* Resources */,
				515418D3E6B7DDA0EAD80201 /* [CP] Embed Pods Frameworks */,
				83D918DF173801D0970FD276 /* [CP] Copy Pods Resources */,
			);
			buildRules = (
			);
			dependencies = (
			);
			name = "CST495-Assignment-1";
			productName = "CST495-Assignment-1";
			productReference = 7E3AD77320240D0A00FCC502 /* CST495-Assignment-1.app */;
			productType = "com.apple.product-type.application";
		};
		7E3AD78620240D0A00FCC502 /* CST495-Assignment-1Tests */ = {
			isa = PBXNativeTarget;
			buildConfigurationList = 7E3AD79E20240D0A00FCC502 /* Build configuration list for PBXNativeTarget "CST495-Assignment-1Tests" */;
			buildPhases = (
				F58EDC68793F4DAC465308A6 /* [CP] Check Pods Manifest.lock */,
				7E3AD78320240D0A00FCC502 /* Sources */,
				7E3AD78420240D0A00FCC502 /* Frameworks */,
				7E3AD78520240D0A00FCC502 /* Resources */,
				A67FE7EAA699EB4AF06B1FAE /* [CP] Embed Pods Frameworks */,
				4ED4C2967732A0F0C92CA6FC /* [CP] Copy Pods Resources */,
			);
			buildRules = (
			);
			dependencies = (
				7E3AD78920240D0A00FCC502 /* PBXTargetDependency */,
			);
			name = "CST495-Assignment-1Tests";
			productName = "CST495-Assignment-1Tests";
			productReference = 7E3AD78720240D0A00FCC502 /* CST495-Assignment-1Tests.xctest */;
			productType = "com.apple.product-type.bundle.unit-test";
		};
		7E3AD79120240D0A00FCC502 /* CST495-Assignment-1UITests */ = {
			isa = PBXNativeTarget;
			buildConfigurationList = 7E3AD7A120240D0A00FCC502 /* Build configuration list for PBXNativeTarget "CST495-Assignment-1UITests" */;
			buildPhases = (
				46C93F47717F0A039B201698 /* [CP] Check Pods Manifest.lock */,
				7E3AD78E20240D0A00FCC502 /* Sources */,
				7E3AD78F20240D0A00FCC502 /* Frameworks */,
				7E3AD79020240D0A00FCC502 /* Resources */,
				7960516FD0C60EB9BC3CD929 /* [CP] Embed Pods Frameworks */,
				06E76F1ABADA0D8A2D750897 /* [CP] Copy Pods Resources */,
			);
			buildRules = (
			);
			dependencies = (
				7E3AD79420240D0A00FCC502 /* PBXTargetDependency */,
			);
			name = "CST495-Assignment-1UITests";
			productName = "CST495-Assignment-1UITests";
			productReference = 7E3AD79220240D0A00FCC502 /* CST495-Assignment-1UITests.xctest */;
			productType = "com.apple.product-type.bundle.ui-testing";
		};
/* End PBXNativeTarget section */

/* Begin PBXProject section */
		7E3AD76B20240D0A00FCC502 /* Project object */ = {
			isa = PBXProject;
			attributes = {
				LastSwiftUpdateCheck = 0920;
				LastUpgradeCheck = 0920;
				ORGANIZATIONNAME = Samuel;
				TargetAttributes = {
					7E3AD77220240D0A00FCC502 = {
						CreatedOnToolsVersion = 9.2;
						ProvisioningStyle = Automatic;
					};
					7E3AD78620240D0A00FCC502 = {
						CreatedOnToolsVersion = 9.2;
						ProvisioningStyle = Automatic;
						TestTargetID = 7E3AD77220240D0A00FCC502;
					};
					7E3AD79120240D0A00FCC502 = {
						CreatedOnToolsVersion = 9.2;
						ProvisioningStyle = Automatic;
						TestTargetID = 7E3AD77220240D0A00FCC502;
					};
				};
			};
			buildConfigurationList = 7E3AD76E20240D0A00FCC502 /* Build configuration list for PBXProject "CST495-Assignment-1" */;
			compatibilityVersion = "Xcode 8.0";
			developmentRegion = en;
			hasScannedForEncodings = 0;
			knownRegions = (
				en,
				Base,
			);
			mainGroup = 7E3AD76A20240D0A00FCC502;
			productRefGroup = 7E3AD77420240D0A00FCC502 /* Products */;
			projectDirPath = "";
			projectRoot = "";
			targets = (
				7E3AD77220240D0A00FCC502 /* CST495-Assignment-1 */,
				7E3AD78620240D0A00FCC502 /* CST495-Assignment-1Tests */,
				7E3AD79120240D0A00FCC502 /* CST495-Assignment-1UITests */,
			);
		};
/* End PBXProject section */

/* Begin PBXResourcesBuildPhase section */
		7E3AD77120240D0A00FCC502 /* Resources */ = {
			isa = PBXResourcesBuildPhase;
			buildActionMask = 2147483647;
			files = (
				7E3AD78120240D0A00FCC502 /* LaunchScreen.storyboard in Resources */,
				7E3AD77E20240D0A00FCC502 /* Assets.xcassets in Resources */,
				7E3AD77C20240D0A00FCC502 /* Main.storyboard in Resources */,
			);
			runOnlyForDeploymentPostprocessing = 0;
		};
		7E3AD78520240D0A00FCC502 /* Resources */ = {
			isa = PBXResourcesBuildPhase;
			buildActionMask = 2147483647;
			files = (
			);
			runOnlyForDeploymentPostprocessing = 0;
		};
		7E3AD79020240D0A00FCC502 /* Resources */ = {
			isa = PBXResourcesBuildPhase;
			buildActionMask = 2147483647;
			files = (
			);
			runOnlyForDeploymentPostprocessing = 0;
		};
/* End PBXResourcesBuildPhase section */

/* Begin PBXShellScriptBuildPhase section */
		06E76F1ABADA0D8A2D750897 /* [CP] Copy Pods Resources */ = {
			isa = PBXShellScriptBuildPhase;
			buildActionMask = 2147483647;
			files = (
			);
			inputPaths = (
			);
			name = "[CP] Copy Pods Resources";
			outputPaths = (
			);
			runOnlyForDeploymentPostprocessing = 0;
			shellPath = /bin/sh;
			shellScript = "\"${SRCROOT}/Pods/Target Support Files/Pods-CST495-Assignment-1UITests/Pods-CST495-Assignment-1UITests-resources.sh\"\n";
			showEnvVarsInLog = 0;
		};
		3033A9BD76CE2D446378A447 /* [CP] Check Pods Manifest.lock */ = {
			isa = PBXShellScriptBuildPhase;
			buildActionMask = 2147483647;
			files = (
			);
			inputPaths = (
				"${PODS_PODFILE_DIR_PATH}/Podfile.lock",
				"${PODS_ROOT}/Manifest.lock",
			);
			name = "[CP] Check Pods Manifest.lock";
			outputPaths = (
				"$(DERIVED_FILE_DIR)/Pods-CST495-Assignment-1-checkManifestLockResult.txt",
			);
			runOnlyForDeploymentPostprocessing = 0;
			shellPath = /bin/sh;
			shellScript = "diff \"${PODS_PODFILE_DIR_PATH}/Podfile.lock\" \"${PODS_ROOT}/Manifest.lock\" > /dev/null\nif [ $? != 0 ] ; then\n    # print error to STDERR\n    echo \"error: The sandbox is not in sync with the Podfile.lock. Run 'pod install' or update your CocoaPods installation.\" >&2\n    exit 1\nfi\n# This output is used by Xcode 'outputs' to avoid re-running this script phase.\necho \"SUCCESS\" > \"${SCRIPT_OUTPUT_FILE_0}\"\n";
			showEnvVarsInLog = 0;
		};
		46C93F47717F0A039B201698 /* [CP] Check Pods Manifest.lock */ = {
			isa = PBXShellScriptBuildPhase;
			buildActionMask = 2147483647;
			files = (
			);
			inputPaths = (
				"${PODS_PODFILE_DIR_PATH}/Podfile.lock",
				"${PODS_ROOT}/Manifest.lock",
			);
			name = "[CP] Check Pods Manifest.lock";
			outputPaths = (
				"$(DERIVED_FILE_DIR)/Pods-CST495-Assignment-1UITests-checkManifestLockResult.txt",
			);
			runOnlyForDeploymentPostprocessing = 0;
			shellPath = /bin/sh;
			shellScript = "diff \"${PODS_PODFILE_DIR_PATH}/Podfile.lock\" \"${PODS_ROOT}/Manifest.lock\" > /dev/null\nif [ $? != 0 ] ; then\n    # print error to STDERR\n    echo \"error: The sandbox is not in sync with the Podfile.lock. Run 'pod install' or update your CocoaPods installation.\" >&2\n    exit 1\nfi\n# This output is used by Xcode 'outputs' to avoid re-running this script phase.\necho \"SUCCESS\" > \"${SCRIPT_OUTPUT_FILE_0}\"\n";
			showEnvVarsInLog = 0;
		};
		4ED4C2967732A0F0C92CA6FC /* [CP] Copy Pods Resources */ = {
			isa = PBXShellScriptBuildPhase;
			buildActionMask = 2147483647;
			files = (
			);
			inputPaths = (
			);
			name = "[CP] Copy Pods Resources";
			outputPaths = (
			);
			runOnlyForDeploymentPostprocessing = 0;
			shellPath = /bin/sh;
			shellScript = "\"${SRCROOT}/Pods/Target Support Files/Pods-CST495-Assignment-1Tests/Pods-CST495-Assignment-1Tests-resources.sh\"\n";
			showEnvVarsInLog = 0;
		};
		515418D3E6B7DDA0EAD80201 /* [CP] Embed Pods Frameworks */ = {
			isa = PBXShellScriptBuildPhase;
			buildActionMask = 2147483647;
			files = (
			);
			inputPaths = (
				"${SRCROOT}/Pods/Target Support Files/Pods-CST495-Assignment-1/Pods-CST495-Assignment-1-frameworks.sh",
				"${BUILT_PRODUCTS_DIR}/Alamofire/Alamofire.framework",
				"${BUILT_PRODUCTS_DIR}/OAuthSwift/OAuthSwift.framework",
				"${BUILT_PRODUCTS_DIR}/OAuthSwiftAlamofire/OAuthSwiftAlamofire.framework",
			);
			name = "[CP] Embed Pods Frameworks";
			outputPaths = (
				"${TARGET_BUILD_DIR}/${FRAMEWORKS_FOLDER_PATH}/Alamofire.framework",
				"${TARGET_BUILD_DIR}/${FRAMEWORKS_FOLDER_PATH}/OAuthSwift.framework",
				"${TARGET_BUILD_DIR}/${FRAMEWORKS_FOLDER_PATH}/OAuthSwiftAlamofire.framework",
			);
			runOnlyForDeploymentPostprocessing = 0;
			shellPath = /bin/sh;
			shellScript = "\"${SRCROOT}/Pods/Target Support Files/Pods-CST495-Assignment-1/Pods-CST495-Assignment-1-frameworks.sh\"\n";
			showEnvVarsInLog = 0;
		};
		7960516FD0C60EB9BC3CD929 /* [CP] Embed Pods Frameworks */ = {
			isa = PBXShellScriptBuildPhase;
			buildActionMask = 2147483647;
			files = (
			);
			inputPaths = (
			);
			name = "[CP] Embed Pods Frameworks";
			outputPaths = (
			);
			runOnlyForDeploymentPostprocessing = 0;
			shellPath = /bin/sh;
			shellScript = "\"${SRCROOT}/Pods/Target Support Files/Pods-CST495-Assignment-1UITests/Pods-CST495-Assignment-1UITests-frameworks.sh\"\n";
			showEnvVarsInLog = 0;
		};
		83D918DF173801D0970FD276 /* [CP] Copy Pods Resources */ = {
			isa = PBXShellScriptBuildPhase;
			buildActionMask = 2147483647;
			files = (
			);
			inputPaths = (
			);
			name = "[CP] Copy Pods Resources";
			outputPaths = (
			);
			runOnlyForDeploymentPostprocessing = 0;
			shellPath = /bin/sh;
			shellScript = "\"${SRCROOT}/Pods/Target Support Files/Pods-CST495-Assignment-1/Pods-CST495-Assignment-1-resources.sh\"\n";
			showEnvVarsInLog = 0;
		};
		A67FE7EAA699EB4AF06B1FAE /* [CP] Embed Pods Frameworks */ = {
			isa = PBXShellScriptBuildPhase;
			buildActionMask = 2147483647;
			files = (
			);
			inputPaths = (
			);
			name = "[CP] Embed Pods Frameworks";
			outputPaths = (
			);
			runOnlyForDeploymentPostprocessing = 0;
			shellPath = /bin/sh;
			shellScript = "\"${SRCROOT}/Pods/Target Support Files/Pods-CST495-Assignment-1Tests/Pods-CST495-Assignment-1Tests-frameworks.sh\"\n";
			showEnvVarsInLog = 0;
		};
		F58EDC68793F4DAC465308A6 /* [CP] Check Pods Manifest.lock */ = {
			isa = PBXShellScriptBuildPhase;
			buildActionMask = 2147483647;
			files = (
			);
			inputPaths = (
				"${PODS_PODFILE_DIR_PATH}/Podfile.lock",
				"${PODS_ROOT}/Manifest.lock",
			);
			name = "[CP] Check Pods Manifest.lock";
			outputPaths = (
				"$(DERIVED_FILE_DIR)/Pods-CST495-Assignment-1Tests-checkManifestLockResult.txt",
			);
			runOnlyForDeploymentPostprocessing = 0;
			shellPath = /bin/sh;
			shellScript = "diff \"${PODS_PODFILE_DIR_PATH}/Podfile.lock\" \"${PODS_ROOT}/Manifest.lock\" > /dev/null\nif [ $? != 0 ] ; then\n    # print error to STDERR\n    echo \"error: The sandbox is not in sync with the Podfile.lock. Run 'pod install' or update your CocoaPods installation.\" >&2\n    exit 1\nfi\n# This output is used by Xcode 'outputs' to avoid re-running this script phase.\necho \"SUCCESS\" > \"${SCRIPT_OUTPUT_FILE_0}\"\n";
			showEnvVarsInLog = 0;
		};
/* End PBXShellScriptBuildPhase section */

/* Begin PBXSourcesBuildPhase section */
		7E3AD76F20240D0A00FCC502 /* Sources */ = {
			isa = PBXSourcesBuildPhase;
			buildActionMask = 2147483647;
			files = (
				7E3AD77920240D0A00FCC502 /* ViewController.swift in Sources */,
				7E3AD77720240D0A00FCC502 /* AppDelegate.swift in Sources */,
			);
			runOnlyForDeploymentPostprocessing = 0;
		};
		7E3AD78320240D0A00FCC502 /* Sources */ = {
			isa = PBXSourcesBuildPhase;
			buildActionMask = 2147483647;
			files = (
				7E3AD78C20240D0A00FCC502 /* CST495_Assignment_1Tests.swift in Sources */,
			);
			runOnlyForDeploymentPostprocessing = 0;
		};
		7E3AD78E20240D0A00FCC502 /* Sources */ = {
			isa = PBXSourcesBuildPhase;
			buildActionMask = 2147483647;
			files = (
				7E3AD79720240D0A00FCC502 /* CST495_Assignment_1UITests.swift in Sources */,
			);
			runOnlyForDeploymentPostprocessing = 0;
		};
/* End PBXSourcesBuildPhase section */

/* Begin PBXTargetDependency section */
		7E3AD78920240D0A00FCC502 /* PBXTargetDependency */ = {
			isa = PBXTargetDependency;
			target = 7E3AD77220240D0A00FCC502 /* CST495-Assignment-1 */;
			targetProxy = 7E3AD78820240D0A00FCC502 /* PBXContainerItemProxy */;
		};
		7E3AD79420240D0A00FCC502 /* PBXTargetDependency */ = {
			isa = PBXTargetDependency;
			target = 7E3AD77220240D0A00FCC502 /* CST495-Assignment-1 */;
			targetProxy = 7E3AD79320240D0A00FCC502 /* PBXContainerItemProxy */;
		};
/* End PBXTargetDependency section */

/* Begin PBXVariantGroup section */
		7E3AD77A20240D0A00FCC502 /* Main.storyboard */ = {
			isa = PBXVariantGroup;
			children = (
				7E3AD77B20240D0A00FCC502 /* Base */,
			);
			name = Main.storyboard;
			sourceTree = "<group>";
		};
		7E3AD77F20240D0A00FCC502 /* LaunchScreen.storyboard */ = {
			isa = PBXVariantGroup;
			children = (
				7E3AD78020240D0A00FCC502 /* Base */,
			);
			name = LaunchScreen.storyboard;
			sourceTree = "<group>";
		};
/* End PBXVariantGroup section */

/* Begin XCBuildConfiguration section */
		7E3AD79920240D0A00FCC502 /* Debug */ = {
			isa = XCBuildConfiguration;
			buildSettings = {
				ALWAYS_SEARCH_USER_PATHS = NO;
				CLANG_ANALYZER_NONNULL = YES;
				CLANG_ANALYZER_NUMBER_OBJECT_CONVERSION = YES_AGGRESSIVE;
				CLANG_CXX_LANGUAGE_STANDARD = "gnu++14";
				CLANG_CXX_LIBRARY = "libc++";
				CLANG_ENABLE_MODULES = YES;
				CLANG_ENABLE_OBJC_ARC = YES;
				CLANG_WARN_BLOCK_CAPTURE_AUTORELEASING = YES;
				CLANG_WARN_BOOL_CONVERSION = YES;
				CLANG_WARN_COMMA = YES;
				CLANG_WARN_CONSTANT_CONVERSION = YES;
				CLANG_WARN_DIRECT_OBJC_ISA_USAGE = YES_ERROR;
				CLANG_WARN_DOCUMENTATION_COMMENTS = YES;
				CLANG_WARN_EMPTY_BODY = YES;
				CLANG_WARN_ENUM_CONVERSION = YES;
				CLANG_WARN_INFINITE_RECURSION = YES;
				CLANG_WARN_INT_CONVERSION = YES;
				CLANG_WARN_NON_LITERAL_NULL_CONVERSION = YES;
				CLANG_WARN_OBJC_LITERAL_CONVERSION = YES;
				CLANG_WARN_OBJC_ROOT_CLASS = YES_ERROR;
				CLANG_WARN_RANGE_LOOP_ANALYSIS = YES;
				CLANG_WARN_STRICT_PROTOTYPES = YES;
				CLANG_WARN_SUSPICIOUS_MOVE = YES;
				CLANG_WARN_UNGUARDED_AVAILABILITY = YES_AGGRESSIVE;
				CLANG_WARN_UNREACHABLE_CODE = YES;
				CLANG_WARN__DUPLICATE_METHOD_MATCH = YES;
				CODE_SIGN_IDENTITY = "iPhone Developer";
				COPY_PHASE_STRIP = NO;
				DEBUG_INFORMATION_FORMAT = dwarf;
				ENABLE_STRICT_OBJC_MSGSEND = YES;
				ENABLE_TESTABILITY = YES;
				GCC_C_LANGUAGE_STANDARD = gnu11;
				GCC_DYNAMIC_NO_PIC = NO;
				GCC_NO_COMMON_BLOCKS = YES;
				GCC_OPTIMIZATION_LEVEL = 0;
				GCC_PREPROCESSOR_DEFINITIONS = (
					"DEBUG=1",
					"$(inherited)",
				);
				GCC_WARN_64_TO_32_BIT_CONVERSION = YES;
				GCC_WARN_ABOUT_RETURN_TYPE = YES_ERROR;
				GCC_WARN_UNDECLARED_SELECTOR = YES;
				GCC_WARN_UNINITIALIZED_AUTOS = YES_AGGRESSIVE;
				GCC_WARN_UNUSED_FUNCTION = YES;
				GCC_WARN_UNUSED_VARIABLE = YES;
				IPHONEOS_DEPLOYMENT_TARGET = 11.2;
				MTL_ENABLE_DEBUG_INFO = YES;
				ONLY_ACTIVE_ARCH = YES;
				SDKROOT = iphoneos;
				SWIFT_ACTIVE_COMPILATION_CONDITIONS = DEBUG;
				SWIFT_OPTIMIZATION_LEVEL = "-Onone";
			};
			name = Debug;
		};
		7E3AD79A20240D0A00FCC502 /* Release */ = {
			isa = XCBuildConfiguration;
			buildSettings = {
				ALWAYS_SEARCH_USER_PATHS = NO;
				CLANG_ANALYZER_NONNULL = YES;
				CLANG_ANALYZER_NUMBER_OBJECT_CONVERSION = YES_AGGRESSIVE;
				CLANG_CXX_LANGUAGE_STANDARD = "gnu++14";
				CLANG_CXX_LIBRARY = "libc++";
				CLANG_ENABLE_MODULES = YES;
				CLANG_ENABLE_OBJC_ARC = YES;
				CLANG_WARN_BLOCK_CAPTURE_AUTORELEASING = YES;
				CLANG_WARN_BOOL_CONVERSION = YES;
				CLANG_WARN_COMMA = YES;
				CLANG_WARN_CONSTANT_CONVERSION = YES;
				CLANG_WARN_DIRECT_OBJC_ISA_USAGE = YES_ERROR;
				CLANG_WARN_DOCUMENTATION_COMMENTS = YES;
				CLANG_WARN_EMPTY_BODY = YES;
				CLANG_WARN_ENUM_CONVERSION = YES;
				CLANG_WARN_INFINITE_RECURSION = YES;
				CLANG_WARN_INT_CONVERSION = YES;
				CLANG_WARN_NON_LITERAL_NULL_CONVERSION = YES;
				CLANG_WARN_OBJC_LITERAL_CONVERSION = YES;
				CLANG_WARN_OBJC_ROOT_CLASS = YES_ERROR;
				CLANG_WARN_RANGE_LOOP_ANALYSIS = YES;
				CLANG_WARN_STRICT_PROTOTYPES = YES;
				CLANG_WARN_SUSPICIOUS_MOVE = YES;
				CLANG_WARN_UNGUARDED_AVAILABILITY = YES_AGGRESSIVE;
				CLANG_WARN_UNREACHABLE_CODE = YES;
				CLANG_WARN__DUPLICATE_METHOD_MATCH = YES;
				CODE_SIGN_IDENTITY = "iPhone Developer";
				COPY_PHASE_STRIP = NO;
				DEBUG_INFORMATION_FORMAT = "dwarf-with-dsym";
				ENABLE_NS_ASSERTIONS = NO;
				ENABLE_STRICT_OBJC_MSGSEND = YES;
				GCC_C_LANGUAGE_STANDARD = gnu11;
				GCC_NO_COMMON_BLOCKS = YES;
				GCC_WARN_64_TO_32_BIT_CONVERSION = YES;
				GCC_WARN_ABOUT_RETURN_TYPE = YES_ERROR;
				GCC_WARN_UNDECLARED_SELECTOR = YES;
				GCC_WARN_UNINITIALIZED_AUTOS = YES_AGGRESSIVE;
				GCC_WARN_UNUSED_FUNCTION = YES;
				GCC_WARN_UNUSED_VARIABLE = YES;
				IPHONEOS_DEPLOYMENT_TARGET = 11.2;
				MTL_ENABLE_DEBUG_INFO = NO;
				SDKROOT = iphoneos;
				SWIFT_OPTIMIZATION_LEVEL = "-Owholemodule";
				VALIDATE_PRODUCT = YES;
			};
			name = Release;
		};
		7E3AD79C20240D0A00FCC502 /* Debug */ = {
			isa = XCBuildConfiguration;
			baseConfigurationReference = DD448BAADA6B4123B5FD397D /* Pods-CST495-Assignment-1.debug.xcconfig */;
			buildSettings = {
				ASSETCATALOG_COMPILER_APPICON_NAME = AppIcon;
				CODE_SIGN_STYLE = Automatic;
				INFOPLIST_FILE = "CST495-Assignment-1/Info.plist";
				LD_RUNPATH_SEARCH_PATHS = "$(inherited) @executable_path/Frameworks";
				PRODUCT_BUNDLE_IDENTIFIER = "cst495.CST495-Assignment-1";
				PRODUCT_NAME = "$(TARGET_NAME)";
				SWIFT_VERSION = 4.0;
				TARGETED_DEVICE_FAMILY = "1,2";
			};
			name = Debug;
		};
		7E3AD79D20240D0A00FCC502 /* Release */ = {
			isa = XCBuildConfiguration;
			baseConfigurationReference = 1FAAFA1C825F0655F016758C /* Pods-CST495-Assignment-1.release.xcconfig */;
			buildSettings = {
				ASSETCATALOG_COMPILER_APPICON_NAME = AppIcon;
				CODE_SIGN_STYLE = Automatic;
				INFOPLIST_FILE = "CST495-Assignment-1/Info.plist";
				LD_RUNPATH_SEARCH_PATHS = "$(inherited) @executable_path/Frameworks";
				PRODUCT_BUNDLE_IDENTIFIER = "cst495.CST495-Assignment-1";
				PRODUCT_NAME = "$(TARGET_NAME)";
				SWIFT_VERSION = 4.0;
				TARGETED_DEVICE_FAMILY = "1,2";
			};
			name = Release;
		};
		7E3AD79F20240D0A00FCC502 /* Debug */ = {
			isa = XCBuildConfiguration;
			baseConfigurationReference = 635946C721801CA2C7F2E624 /* Pods-CST495-Assignment-1Tests.debug.xcconfig */;
			buildSettings = {
				ALWAYS_EMBED_SWIFT_STANDARD_LIBRARIES = YES;
				BUNDLE_LOADER = "$(TEST_HOST)";
				CODE_SIGN_STYLE = Automatic;
				INFOPLIST_FILE = "CST495-Assignment-1Tests/Info.plist";
				LD_RUNPATH_SEARCH_PATHS = "$(inherited) @executable_path/Frameworks @loader_path/Frameworks";
				PRODUCT_BUNDLE_IDENTIFIER = "cst495.CST495-Assignment-1Tests";
				PRODUCT_NAME = "$(TARGET_NAME)";
				SWIFT_VERSION = 4.0;
				TARGETED_DEVICE_FAMILY = "1,2";
				TEST_HOST = "$(BUILT_PRODUCTS_DIR)/CST495-Assignment-1.app/CST495-Assignment-1";
			};
			name = Debug;
		};
		7E3AD7A020240D0A00FCC502 /* Release */ = {
			isa = XCBuildConfiguration;
			baseConfigurationReference = 23E583E84330397D8D70177C /* Pods-CST495-Assignment-1Tests.release.xcconfig */;
			buildSettings = {
				ALWAYS_EMBED_SWIFT_STANDARD_LIBRARIES = YES;
				BUNDLE_LOADER = "$(TEST_HOST)";
				CODE_SIGN_STYLE = Automatic;
				INFOPLIST_FILE = "CST495-Assignment-1Tests/Info.plist";
				LD_RUNPATH_SEARCH_PATHS = "$(inherited) @executable_path/Frameworks @loader_path/Frameworks";
				PRODUCT_BUNDLE_IDENTIFIER = "cst495.CST495-Assignment-1Tests";
				PRODUCT_NAME = "$(TARGET_NAME)";
				SWIFT_VERSION = 4.0;
				TARGETED_DEVICE_FAMILY = "1,2";
				TEST_HOST = "$(BUILT_PRODUCTS_DIR)/CST495-Assignment-1.app/CST495-Assignment-1";
			};
			name = Release;
		};
		7E3AD7A220240D0A00FCC502 /* Debug */ = {
			isa = XCBuildConfiguration;
			baseConfigurationReference = 1272ED5AA145A856C926112A /* Pods-CST495-Assignment-1UITests.debug.xcconfig */;
			buildSettings = {
				ALWAYS_EMBED_SWIFT_STANDARD_LIBRARIES = YES;
				CODE_SIGN_STYLE = Automatic;
				INFOPLIST_FILE = "CST495-Assignment-1UITests/Info.plist";
				LD_RUNPATH_SEARCH_PATHS = "$(inherited) @executable_path/Frameworks @loader_path/Frameworks";
				PRODUCT_BUNDLE_IDENTIFIER = "cst495.CST495-Assignment-1UITests";
				PRODUCT_NAME = "$(TARGET_NAME)";
				SWIFT_VERSION = 4.0;
				TARGETED_DEVICE_FAMILY = "1,2";
				TEST_TARGET_NAME = "CST495-Assignment-1";
			};
			name = Debug;
		};
		7E3AD7A320240D0A00FCC502 /* Release */ = {
			isa = XCBuildConfiguration;
			baseConfigurationReference = 5A7B38D4AE5320E20FCF76F1 /* Pods-CST495-Assignment-1UITests.release.xcconfig */;
			buildSettings = {
				ALWAYS_EMBED_SWIFT_STANDARD_LIBRARIES = YES;
				CODE_SIGN_STYLE = Automatic;
				INFOPLIST_FILE = "CST495-Assignment-1UITests/Info.plist";
				LD_RUNPATH_SEARCH_PATHS = "$(inherited) @executable_path/Frameworks @loader_path/Frameworks";
				PRODUCT_BUNDLE_IDENTIFIER = "cst495.CST495-Assignment-1UITests";
				PRODUCT_NAME = "$(TARGET_NAME)";
				SWIFT_VERSION = 4.0;
				TARGETED_DEVICE_FAMILY = "1,2";
				TEST_TARGET_NAME = "CST495-Assignment-1";
			};
			name = Release;
		};
/* End XCBuildConfiguration section */

/* Begin XCConfigurationList section */
		7E3AD76E20240D0A00FCC502 /* Build configuration list for PBXProject "CST495-Assignment-1" */ = {
			isa = XCConfigurationList;
			buildConfigurations = (
				7E3AD79920240D0A00FCC502 /* Debug */,
				7E3AD79A20240D0A00FCC502 /* Release */,
			);
			defaultConfigurationIsVisible = 0;
			defaultConfigurationName = Release;
		};
		7E3AD79B20240D0A00FCC502 /* Build configuration list for PBXNativeTarget "CST495-Assignment-1" */ = {
			isa = XCConfigurationList;
			buildConfigurations = (
				7E3AD79C20240D0A00FCC502 /* Debug */,
				7E3AD79D20240D0A00FCC502 /* Release */,
			);
			defaultConfigurationIsVisible = 0;
			defaultConfigurationName = Release;
		};
		7E3AD79E20240D0A00FCC502 /* Build configuration list for PBXNativeTarget "CST495-Assignment-1Tests" */ = {
			isa = XCConfigurationList;
			buildConfigurations = (
				7E3AD79F20240D0A00FCC502 /* Debug */,
				7E3AD7A020240D0A00FCC502 /* Release */,
			);
			defaultConfigurationIsVisible = 0;
			defaultConfigurationName = Release;
		};
		7E3AD7A120240D0A00FCC502 /* Build configuration list for PBXNativeTarget "CST495-Assignment-1UITests" */ = {
			isa = XCConfigurationList;
			buildConfigurations = (
				7E3AD7A220240D0A00FCC502 /* Debug */,
				7E3AD7A320240D0A00FCC502 /* Release */,
			);
			defaultConfigurationIsVisible = 0;
			defaultConfigurationName = Release;
		};
/* End XCConfigurationList section */
	};
	rootObject = 7E3AD76B20240D0A00FCC502 /* Project object */;
}
